// !$*UTF8*$!
{
	archiveVersion = 1;
	classes = {
	};
	objectVersion = 46;
	objects = {

/* Begin PBXBuildFile section */
		1724485E2A4E2E0CDC5D18BA /* Pods_Advisor_Scheduler.framework in Frameworks */ = {isa = PBXBuildFile; fileRef = BE47E8683F75E590FDF65E3C /* Pods_Advisor_Scheduler.framework */; };
		5E128E081EAE709C00B45EE6 /* AppDelegate.swift in Sources */ = {isa = PBXBuildFile; fileRef = 5E128E071EAE709C00B45EE6 /* AppDelegate.swift */; };
		5E128E0A1EAE709C00B45EE6 /* SignInVC.swift in Sources */ = {isa = PBXBuildFile; fileRef = 5E128E091EAE709C00B45EE6 /* SignInVC.swift */; };
		5E128E0D1EAE709C00B45EE6 /* Main.storyboard in Resources */ = {isa = PBXBuildFile; fileRef = 5E128E0B1EAE709C00B45EE6 /* Main.storyboard */; };
		5E128E0F1EAE709C00B45EE6 /* Assets.xcassets in Resources */ = {isa = PBXBuildFile; fileRef = 5E128E0E1EAE709C00B45EE6 /* Assets.xcassets */; };
		5E128E121EAE709C00B45EE6 /* LaunchScreen.storyboard in Resources */ = {isa = PBXBuildFile; fileRef = 5E128E101EAE709C00B45EE6 /* LaunchScreen.storyboard */; };
		5E128E1A1EAE717300B45EE6 /* GoogleService-Info.plist in Resources */ = {isa = PBXBuildFile; fileRef = 5E128E191EAE717300B45EE6 /* GoogleService-Info.plist */; };
/* End PBXBuildFile section */

/* Begin PBXFileReference section */
		5E128E041EAE709C00B45EE6 /* Advisor-Scheduler.app */ = {isa = PBXFileReference; explicitFileType = wrapper.application; includeInIndex = 0; path = "Advisor-Scheduler.app"; sourceTree = BUILT_PRODUCTS_DIR; };
		5E128E071EAE709C00B45EE6 /* AppDelegate.swift */ = {isa = PBXFileReference; lastKnownFileType = sourcecode.swift; path = AppDelegate.swift; sourceTree = "<group>"; };
		5E128E091EAE709C00B45EE6 /* SignInVC.swift */ = {isa = PBXFileReference; lastKnownFileType = sourcecode.swift; path = SignInVC.swift; sourceTree = "<group>"; };
		5E128E0C1EAE709C00B45EE6 /* Base */ = {isa = PBXFileReference; lastKnownFileType = file.storyboard; name = Base; path = Base.lproj/Main.storyboard; sourceTree = "<group>"; };
		5E128E0E1EAE709C00B45EE6 /* Assets.xcassets */ = {isa = PBXFileReference; lastKnownFileType = folder.assetcatalog; path = Assets.xcassets; sourceTree = "<group>"; };
		5E128E111EAE709C00B45EE6 /* Base */ = {isa = PBXFileReference; lastKnownFileType = file.storyboard; name = Base; path = Base.lproj/LaunchScreen.storyboard; sourceTree = "<group>"; };
		5E128E131EAE709C00B45EE6 /* Info.plist */ = {isa = PBXFileReference; lastKnownFileType = text.plist.xml; path = Info.plist; sourceTree = "<group>"; };
		5E128E191EAE717300B45EE6 /* GoogleService-Info.plist */ = {isa = PBXFileReference; fileEncoding = 4; lastKnownFileType = text.plist.xml; path = "GoogleService-Info.plist"; sourceTree = "<group>"; };
		754C31F9C22B03F7AEEAD90E /* Pods-Advisor-Scheduler.debug.xcconfig */ = {isa = PBXFileReference; includeInIndex = 1; lastKnownFileType = text.xcconfig; name = "Pods-Advisor-Scheduler.debug.xcconfig"; path = "Pods/Target Support Files/Pods-Advisor-Scheduler/Pods-Advisor-Scheduler.debug.xcconfig"; sourceTree = "<group>"; };
		B3C97F4F25A0819B6A917073 /* Pods-Advisor-Scheduler.release.xcconfig */ = {isa = PBXFileReference; includeInIndex = 1; lastKnownFileType = text.xcconfig; name = "Pods-Advisor-Scheduler.release.xcconfig"; path = "Pods/Target Support Files/Pods-Advisor-Scheduler/Pods-Advisor-Scheduler.release.xcconfig"; sourceTree = "<group>"; };
		BE47E8683F75E590FDF65E3C /* Pods_Advisor_Scheduler.framework */ = {isa = PBXFileReference; explicitFileType = wrapper.framework; includeInIndex = 0; path = Pods_Advisor_Scheduler.framework; sourceTree = BUILT_PRODUCTS_DIR; };
/* End PBXFileReference section */

/* Begin PBXFrameworksBuildPhase section */
		5E128E011EAE709C00B45EE6 /* Frameworks */ = {
			isa = PBXFrameworksBuildPhase;
			buildActionMask = 2147483647;
			files = (
				1724485E2A4E2E0CDC5D18BA /* Pods_Advisor_Scheduler.framework in Frameworks */,
			);
			runOnlyForDeploymentPostprocessing = 0;
		};
/* End PBXFrameworksBuildPhase section */

/* Begin PBXGroup section */
		5E128DFB1EAE709C00B45EE6 = {
			isa = PBXGroup;
			children = (
				5E128E061EAE709C00B45EE6 /* Advisor-Scheduler */,
				5E128E051EAE709C00B45EE6 /* Products */,
				F41C7A7861FD18CC1EF6E9F0 /* Pods */,
				EBB95DEF4A2E7186929FA6DA /* Frameworks */,
			);
			sourceTree = "<group>";
		};
		5E128E051EAE709C00B45EE6 /* Products */ = {
			isa = PBXGroup;
			children = (
				5E128E041EAE709C00B45EE6 /* Advisor-Scheduler.app */,
			);
			name = Products;
			sourceTree = "<group>";
		};
		5E128E061EAE709C00B45EE6 /* Advisor-Scheduler */ = {
			isa = PBXGroup;
			children = (
				5E128E1D1EAE793100B45EE6 /* Controller */,
				5E128E1B1EAE790C00B45EE6 /* Model */,
				5E128E071EAE709C00B45EE6 /* AppDelegate.swift */,
				5E128E0B1EAE709C00B45EE6 /* Main.storyboard */,
				5E128E0E1EAE709C00B45EE6 /* Assets.xcassets */,
				5E128E101EAE709C00B45EE6 /* LaunchScreen.storyboard */,
				5E128E131EAE709C00B45EE6 /* Info.plist */,
				5E128E191EAE717300B45EE6 /* GoogleService-Info.plist */,
			);
			path = "Advisor-Scheduler";
			sourceTree = "<group>";
		};
		5E128E1B1EAE790C00B45EE6 /* Model */ = {
			isa = PBXGroup;
			children = (
			);
			name = Model;
			sourceTree = "<group>";
		};
		5E128E1D1EAE793100B45EE6 /* Controller */ = {
			isa = PBXGroup;
			children = (
				5E128E091EAE709C00B45EE6 /* SignInVC.swift */,
			);
			name = Controller;
			sourceTree = "<group>";
		};
		EBB95DEF4A2E7186929FA6DA /* Frameworks */ = {
			isa = PBXGroup;
			children = (
				BE47E8683F75E590FDF65E3C /* Pods_Advisor_Scheduler.framework */,
			);
			name = Frameworks;
			sourceTree = "<group>";
		};
		F41C7A7861FD18CC1EF6E9F0 /* Pods */ = {
			isa = PBXGroup;
			children = (
				754C31F9C22B03F7AEEAD90E /* Pods-Advisor-Scheduler.debug.xcconfig */,
				B3C97F4F25A0819B6A917073 /* Pods-Advisor-Scheduler.release.xcconfig */,
			);
			name = Pods;
			sourceTree = "<group>";
		};
/* End PBXGroup section */

/* Begin PBXNativeTarget section */
		5E128E031EAE709C00B45EE6 /* Advisor-Scheduler */ = {
			isa = PBXNativeTarget;
			buildConfigurationList = 5E128E161EAE709C00B45EE6 /* Build configuration list for PBXNativeTarget "Advisor-Scheduler" */;
			buildPhases = (
				A50788BE350A52E343942391 /* [CP] Check Pods Manifest.lock */,
				5E128E001EAE709C00B45EE6 /* Sources */,
				5E128E011EAE709C00B45EE6 /* Frameworks */,
				5E128E021EAE709C00B45EE6 /* Resources */,
				2DA9DBB9B168B4443392C5D9 /* [CP] Embed Pods Frameworks */,
				A5B7D06BE7D862E50647235C /* [CP] Copy Pods Resources */,
			);
			buildRules = (
			);
			dependencies = (
			);
			name = "Advisor-Scheduler";
			productName = "Advisor-Scheduler";
			productReference = 5E128E041EAE709C00B45EE6 /* Advisor-Scheduler.app */;
			productType = "com.apple.product-type.application";
		};
/* End PBXNativeTarget section */

/* Begin PBXProject section */
		5E128DFC1EAE709C00B45EE6 /* Project object */ = {
			isa = PBXProject;
			attributes = {
				LastSwiftUpdateCheck = 0830;
				LastUpgradeCheck = 0830;
				ORGANIZATIONNAME = "Paranoid-Jobs";
				TargetAttributes = {
					5E128E031EAE709C00B45EE6 = {
						CreatedOnToolsVersion = 8.3.2;
						ProvisioningStyle = Automatic;
					};
				};
			};
			buildConfigurationList = 5E128DFF1EAE709C00B45EE6 /* Build configuration list for PBXProject "Advisor-Scheduler" */;
			compatibilityVersion = "Xcode 3.2";
			developmentRegion = English;
			hasScannedForEncodings = 0;
			knownRegions = (
				en,
				Base,
			);
			mainGroup = 5E128DFB1EAE709C00B45EE6;
			productRefGroup = 5E128E051EAE709C00B45EE6 /* Products */;
			projectDirPath = "";
			projectRoot = "";
			targets = (
				5E128E031EAE709C00B45EE6 /* Advisor-Scheduler */,
			);
		};
/* End PBXProject section */

/* Begin PBXResourcesBuildPhase section */
		5E128E021EAE709C00B45EE6 /* Resources */ = {
			isa = PBXResourcesBuildPhase;
			buildActionMask = 2147483647;
			files = (
				5E128E121EAE709C00B45EE6 /* LaunchScreen.storyboard in Resources */,
				5E128E1A1EAE717300B45EE6 /* GoogleService-Info.plist in Resources */,
				5E128E0F1EAE709C00B45EE6 /* Assets.xcassets in Resources */,
				5E128E0D1EAE709C00B45EE6 /* Main.storyboard in Resources */,
			);
			runOnlyForDeploymentPostprocessing = 0;
		};
/* End PBXResourcesBuildPhase section */

/* Begin PBXShellScriptBuildPhase section */
		2DA9DBB9B168B4443392C5D9 /* [CP] Embed Pods Frameworks */ = {
			isa = PBXShellScriptBuildPhase;
			buildActionMask = 2147483647;
			files = (
			);
			inputPaths = (
			);
			name = "[CP] Embed Pods Frameworks";
			outputPaths = (
			);
			runOnlyForDeploymentPostprocessing = 0;
			shellPath = /bin/sh;
			shellScript = "\"${SRCROOT}/Pods/Target Support Files/Pods-Advisor-Scheduler/Pods-Advisor-Scheduler-frameworks.sh\"\n";
			showEnvVarsInLog = 0;
		};
		A50788BE350A52E343942391 /* [CP] Check Pods Manifest.lock */ = {
			isa = PBXShellScriptBuildPhase;
			buildActionMask = 2147483647;
			files = (
			);
			inputPaths = (
			);
			name = "[CP] Check Pods Manifest.lock";
			outputPaths = (
			);
			runOnlyForDeploymentPostprocessing = 0;
			shellPath = /bin/sh;
			shellScript = "diff \"${PODS_PODFILE_DIR_PATH}/Podfile.lock\" \"${PODS_ROOT}/Manifest.lock\" > /dev/null\nif [ $? != 0 ] ; then\n    # print error to STDERR\n    echo \"error: The sandbox is not in sync with the Podfile.lock. Run 'pod install' or update your CocoaPods installation.\" >&2\n    exit 1\nfi\n";
			showEnvVarsInLog = 0;
		};
		A5B7D06BE7D862E50647235C /* [CP] Copy Pods Resources */ = {
			isa = PBXShellScriptBuildPhase;
			buildActionMask = 2147483647;
			files = (
			);
			inputPaths = (
			);
			name = "[CP] Copy Pods Resources";
			outputPaths = (
			);
			runOnlyForDeploymentPostprocessing = 0;
			shellPath = /bin/sh;
			shellScript = "\"${SRCROOT}/Pods/Target Support Files/Pods-Advisor-Scheduler/Pods-Advisor-Scheduler-resources.sh\"\n";
			showEnvVarsInLog = 0;
		};
/* End PBXShellScriptBuildPhase section */

/* Begin PBXSourcesBuildPhase section */
		5E128E001EAE709C00B45EE6 /* Sources */ = {
			isa = PBXSourcesBuildPhase;
			buildActionMask = 2147483647;
			files = (
				5E128E0A1EAE709C00B45EE6 /* SignInVC.swift in Sources */,
				5E128E081EAE709C00B45EE6 /* AppDelegate.swift in Sources */,
			);
			runOnlyForDeploymentPostprocessing = 0;
		};
/* End PBXSourcesBuildPhase section */

/* Begin PBXVariantGroup section */
		5E128E0B1EAE709C00B45EE6 /* Main.storyboard */ = {
			isa = PBXVariantGroup;
			children = (
				5E128E0C1EAE709C00B45EE6 /* Base */,
			);
			name = Main.storyboard;
			sourceTree = "<group>";
		};
		5E128E101EAE709C00B45EE6 /* LaunchScreen.storyboard */ = {
			isa = PBXVariantGroup;
			children = (
				5E128E111EAE709C00B45EE6 /* Base */,
			);
			name = LaunchScreen.storyboard;
			sourceTree = "<group>";
		};
/* End PBXVariantGroup section */

/* Begin XCBuildConfiguration section */
		5E128E141EAE709C00B45EE6 /* Debug */ = {
			isa = XCBuildConfiguration;
			buildSettings = {
				ALWAYS_SEARCH_USER_PATHS = NO;
				CLANG_ANALYZER_NONNULL = YES;
				CLANG_ANALYZER_NUMBER_OBJECT_CONVERSION = YES_AGGRESSIVE;
				CLANG_CXX_LANGUAGE_STANDARD = "gnu++0x";
				CLANG_CXX_LIBRARY = "libc++";
				CLANG_ENABLE_MODULES = YES;
				CLANG_ENABLE_OBJC_ARC = YES;
				CLANG_WARN_BOOL_CONVERSION = YES;
				CLANG_WARN_CONSTANT_CONVERSION = YES;
				CLANG_WARN_DIRECT_OBJC_ISA_USAGE = YES_ERROR;
				CLANG_WARN_DOCUMENTATION_COMMENTS = YES;
				CLANG_WARN_EMPTY_BODY = YES;
				CLANG_WARN_ENUM_CONVERSION = YES;
				CLANG_WARN_INFINITE_RECURSION = YES;
				CLANG_WARN_INT_CONVERSION = YES;
				CLANG_WARN_OBJC_ROOT_CLASS = YES_ERROR;
				CLANG_WARN_SUSPICIOUS_MOVE = YES;
				CLANG_WARN_UNREACHABLE_CODE = YES;
				CLANG_WARN__DUPLICATE_METHOD_MATCH = YES;
				"CODE_SIGN_IDENTITY[sdk=iphoneos*]" = "iPhone Developer";
				COPY_PHASE_STRIP = NO;
				DEBUG_INFORMATION_FORMAT = dwarf;
				ENABLE_STRICT_OBJC_MSGSEND = YES;
				ENABLE_TESTABILITY = YES;
				GCC_C_LANGUAGE_STANDARD = gnu99;
				GCC_DYNAMIC_NO_PIC = NO;
				GCC_NO_COMMON_BLOCKS = YES;
				GCC_OPTIMIZATION_LEVEL = 0;
				GCC_PREPROCESSOR_DEFINITIONS = (
					"DEBUG=1",
					"$(inherited)",
				);
				GCC_WARN_64_TO_32_BIT_CONVERSION = YES;
				GCC_WARN_ABOUT_RETURN_TYPE = YES_ERROR;
				GCC_WARN_UNDECLARED_SELECTOR = YES;
				GCC_WARN_UNINITIALIZED_AUTOS = YES_AGGRESSIVE;
				GCC_WARN_UNUSED_FUNCTION = YES;
				GCC_WARN_UNUSED_VARIABLE = YES;
				IPHONEOS_DEPLOYMENT_TARGET = 10.3;
				MTL_ENABLE_DEBUG_INFO = YES;
				ONLY_ACTIVE_ARCH = YES;
				SDKROOT = iphoneos;
				SWIFT_ACTIVE_COMPILATION_CONDITIONS = DEBUG;
				SWIFT_OPTIMIZATION_LEVEL = "-Onone";
				TARGETED_DEVICE_FAMILY = "1,2";
			};
			name = Debug;
		};
		5E128E151EAE709C00B45EE6 /* Release */ = {
			isa = XCBuildConfiguration;
			buildSettings = {
				ALWAYS_SEARCH_USER_PATHS = NO;
				CLANG_ANALYZER_NONNULL = YES;
				CLANG_ANALYZER_NUMBER_OBJECT_CONVERSION = YES_AGGRESSIVE;
				CLANG_CXX_LANGUAGE_STANDARD = "gnu++0x";
				CLANG_CXX_LIBRARY = "libc++";
				CLANG_ENABLE_MODULES = YES;
				CLANG_ENABLE_OBJC_ARC = YES;
				CLANG_WARN_BOOL_CONVERSION = YES;
				CLANG_WARN_CONSTANT_CONVERSION = YES;
				CLANG_WARN_DIRECT_OBJC_ISA_USAGE = YES_ERROR;
				CLANG_WARN_DOCUMENTATION_COMMENTS = YES;
				CLANG_WARN_EMPTY_BODY = YES;
				CLANG_WARN_ENUM_CONVERSION = YES;
				CLANG_WARN_INFINITE_RECURSION = YES;
				CLANG_WARN_INT_CONVERSION = YES;
				CLANG_WARN_OBJC_ROOT_CLASS = YES_ERROR;
				CLANG_WARN_SUSPICIOUS_MOVE = YES;
				CLANG_WARN_UNREACHABLE_CODE = YES;
				CLANG_WARN__DUPLICATE_METHOD_MATCH = YES;
				"CODE_SIGN_IDENTITY[sdk=iphoneos*]" = "iPhone Developer";
				COPY_PHASE_STRIP = NO;
				DEBUG_INFORMATION_FORMAT = "dwarf-with-dsym";
				ENABLE_NS_ASSERTIONS = NO;
				ENABLE_STRICT_OBJC_MSGSEND = YES;
				GCC_C_LANGUAGE_STANDARD = gnu99;
				GCC_NO_COMMON_BLOCKS = YES;
				GCC_WARN_64_TO_32_BIT_CONVERSION = YES;
				GCC_WARN_ABOUT_RETURN_TYPE = YES_ERROR;
				GCC_WARN_UNDECLARED_SELECTOR = YES;
				GCC_WARN_UNINITIALIZED_AUTOS = YES_AGGRESSIVE;
				GCC_WARN_UNUSED_FUNCTION = YES;
				GCC_WARN_UNUSED_VARIABLE = YES;
				IPHONEOS_DEPLOYMENT_TARGET = 10.3;
				MTL_ENABLE_DEBUG_INFO = NO;
				SDKROOT = iphoneos;
				SWIFT_OPTIMIZATION_LEVEL = "-Owholemodule";
				TARGETED_DEVICE_FAMILY = "1,2";
				VALIDATE_PRODUCT = YES;
			};
			name = Release;
		};
		5E128E171EAE709C00B45EE6 /* Debug */ = {
			isa = XCBuildConfiguration;
			baseConfigurationReference = 754C31F9C22B03F7AEEAD90E /* Pods-Advisor-Scheduler.debug.xcconfig */;
			buildSettings = {
				ASSETCATALOG_COMPILER_APPICON_NAME = AppIcon;
				INFOPLIST_FILE = "Advisor-Scheduler/Info.plist";
				LD_RUNPATH_SEARCH_PATHS = "$(inherited) @executable_path/Frameworks";
				PRODUCT_BUNDLE_IDENTIFIER = "com.Paranoid-Jobs.Advisor-Scheduler";
				PRODUCT_NAME = "$(TARGET_NAME)";
				SWIFT_VERSION = 3.0;
			};
			name = Debug;
		};
		5E128E181EAE709C00B45EE6 /* Release */ = {
			isa = XCBuildConfiguration;
			baseConfigurationReference = B3C97F4F25A0819B6A917073 /* Pods-Advisor-Scheduler.release.xcconfig */;
			buildSettings = {
				ASSETCATALOG_COMPILER_APPICON_NAME = AppIcon;
				INFOPLIST_FILE = "Advisor-Scheduler/Info.plist";
				LD_RUNPATH_SEARCH_PATHS = "$(inherited) @executable_path/Frameworks";
				PRODUCT_BUNDLE_IDENTIFIER = "com.Paranoid-Jobs.Advisor-Scheduler";
				PRODUCT_NAME = "$(TARGET_NAME)";
				SWIFT_VERSION = 3.0;
			};
			name = Release;
		};
/* End XCBuildConfiguration section */

/* Begin XCConfigurationList section */
		5E128DFF1EAE709C00B45EE6 /* Build configuration list for PBXProject "Advisor-Scheduler" */ = {
			isa = XCConfigurationList;
			buildConfigurations = (
				5E128E141EAE709C00B45EE6 /* Debug */,
				5E128E151EAE709C00B45EE6 /* Release */,
			);
			defaultConfigurationIsVisible = 0;
			defaultConfigurationName = Release;
		};
		5E128E161EAE709C00B45EE6 /* Build configuration list for PBXNativeTarget "Advisor-Scheduler" */ = {
			isa = XCConfigurationList;
			buildConfigurations = (
				5E128E171EAE709C00B45EE6 /* Debug */,
				5E128E181EAE709C00B45EE6 /* Release */,
			);
			defaultConfigurationIsVisible = 0;
			defaultConfigurationName = Release;
		};
/* End XCConfigurationList section */
	};
	rootObject = 5E128DFC1EAE709C00B45EE6 /* Project object */;
}
